
Microsoft Visual Studio Solution File, Format Version 12.00
# Visual Studio Version 17
VisualStudioVersion = 17.5.002.0
MinimumVisualStudioVersion = 10.0.40219.1
Project("{9A19103F-16F7-4668-BE54-9A1E7A4F7556}") = "Back", "Back\Back.csproj", "{D224D7E8-DA89-4ABB-A831-F005B56F493A}"
EndProject
Global
	GlobalSection(SolutionConfigurationPlatforms) = preSolution
		Debug|Any CPU = Debug|Any CPU
		Release|Any CPU = Release|Any CPU
	EndGlobalSection
	GlobalSection(ProjectConfigurationPlatforms) = postSolution
		{D224D7E8-DA89-4ABB-A831-F005B56F493A}.Debug|Any CPU.ActiveCfg = Debug|Any CPU
		{D224D7E8-DA89-4ABB-A831-F005B56F493A}.Debug|Any CPU.Build.0 = Debug|Any CPU
		{D224D7E8-DA89-4ABB-A831-F005B56F493A}.Release|Any CPU.ActiveCfg = Release|Any CPU
		{D224D7E8-DA89-4ABB-A831-F005B56F493A}.Release|Any CPU.Build.0 = Release|Any CPU
	EndGlobalSection
	GlobalSection(SolutionProperties) = preSolution
		HideSolutionNode = FALSE
	EndGlobalSection
	GlobalSection(ExtensibilityGlobals) = postSolution
		SolutionGuid = {191EADF6-CA7B-4343-A093-FC9F94DE6A80}
	EndGlobalSection
EndGlobal
